// !$*UTF8*$!
{
	archiveVersion = 1;
	classes = {
	};
	objectVersion = 46;
	objects = {

/* Begin PBXBuildFile section */
		0025148E1CDCCFCC00482F87 /* Localizable.strings in Resources */ = {isa = PBXBuildFile; fileRef = 0025148C1CDCCFCC00482F87 /* Localizable.strings */; };
		32AFEC481C1B1B8A00142DD9 /* IOMobileFramebufferClient.m in Sources */ = {isa = PBXBuildFile; fileRef = 32AFEC471C1B1B8A00142DD9 /* IOMobileFramebufferClient.m */; };
		755924021C21546A000E62AE /* MobileGestaltClient.m in Sources */ = {isa = PBXBuildFile; fileRef = 755924011C21546A000E62AE /* MobileGestaltClient.m */; };
		755924081C21B147000E62AE /* MobileGestaltClient.m in Sources */ = {isa = PBXBuildFile; fileRef = 755924011C21546A000E62AE /* MobileGestaltClient.m */; };
		75885DCB1C2026B700B57791 /* Defaults.plist in Resources */ = {isa = PBXBuildFile; fileRef = 75885DCA1C2026B700B57791 /* Defaults.plist */; };
		75885DCF1C2027F400B57791 /* SpringBoardServicesClient.m in Sources */ = {isa = PBXBuildFile; fileRef = ACCE45A11C1B6D3100CD094C /* SpringBoardServicesClient.m */; };
		75885DD01C2027F400B57791 /* IOMobileFramebufferClient.m in Sources */ = {isa = PBXBuildFile; fileRef = 32AFEC471C1B1B8A00142DD9 /* IOMobileFramebufferClient.m */; };
		75885DD11C2027F400B57791 /* GammaController.m in Sources */ = {isa = PBXBuildFile; fileRef = B96BB64E1B38D96600F1C3AE /* GammaController.m */; };
		75885DD21C2027F400B57791 /* Brightness.c in Sources */ = {isa = PBXBuildFile; fileRef = 926F71211C0CF39B0039A4A2 /* Brightness.c */; };
		75885DD31C2027F400B57791 /* Solar.c in Sources */ = {isa = PBXBuildFile; fileRef = 926F71241C0CF39B0039A4A2 /* Solar.c */; };
		75885DD41C20280C00B57791 /* NSDate+Extensions.m in Sources */ = {isa = PBXBuildFile; fileRef = 926F711E1C0CF3930039A4A2 /* NSDate+Extensions.m */; };
		75885DD51C20281600B57791 /* Defaults.plist in Resources */ = {isa = PBXBuildFile; fileRef = 75885DCA1C2026B700B57791 /* Defaults.plist */; };
		921810341BC1B1C300D32E92 /* CreditsViewController.m in Sources */ = {isa = PBXBuildFile; fileRef = 921810331BC1B1C300D32E92 /* CreditsViewController.m */; };
		921810371BC1B3C000D32E92 /* BrightnessViewController.m in Sources */ = {isa = PBXBuildFile; fileRef = 921810361BC1B3C000D32E92 /* BrightnessViewController.m */; };
		922B28211DDE81CF0075C274 /* AppDelegate.m in Sources */ = {isa = PBXBuildFile; fileRef = 922B28201DDE81CF0075C274 /* AppDelegate.m */; };
		922B28241DDE81CF0075C274 /* main.m in Sources */ = {isa = PBXBuildFile; fileRef = 922B28231DDE81CF0075C274 /* main.m */; };
		922B28291DDE81D00075C274 /* Assets.xcassets in Resources */ = {isa = PBXBuildFile; fileRef = 922B28281DDE81D00075C274 /* Assets.xcassets */; };
		922B28321DDE81F40075C274 /* Main.storyboard in Resources */ = {isa = PBXBuildFile; fileRef = 922B28311DDE81F40075C274 /* Main.storyboard */; };
		922B28351DDE81FB0075C274 /* ViewController.m in Sources */ = {isa = PBXBuildFile; fileRef = 922B28341DDE81FB0075C274 /* ViewController.m */; };
		924EFA9B1BC16F1F00BF8CA6 /* CustomViewController.m in Sources */ = {isa = PBXBuildFile; fileRef = 924EFA9A1BC16F1F00BF8CA6 /* CustomViewController.m */; };
		925B81211BE2BCE1003A6C4B /* NotificationCenter.framework in Frameworks */ = {isa = PBXBuildFile; fileRef = 925B81201BE2BCE1003A6C4B /* NotificationCenter.framework */; };
		925B81251BE2BCE1003A6C4B /* TodayViewController.m in Sources */ = {isa = PBXBuildFile; fileRef = 925B81241BE2BCE1003A6C4B /* TodayViewController.m */; };
		925B81281BE2BCE1003A6C4B /* MainInterface.storyboard in Resources */ = {isa = PBXBuildFile; fileRef = 925B81261BE2BCE1003A6C4B /* MainInterface.storyboard */; };
		925B812C1BE2BCE1003A6C4B /* GoodNight Widget.appex in Embed App Extensions */ = {isa = PBXBuildFile; fileRef = 925B811E1BE2BCE1003A6C4B /* GoodNight Widget.appex */; settings = {ATTRIBUTES = (RemoveHeadersOnCopy, ); }; };
		926F711F1C0CF3930039A4A2 /* NSDate+Extensions.m in Sources */ = {isa = PBXBuildFile; fileRef = 926F711E1C0CF3930039A4A2 /* NSDate+Extensions.m */; };
		926F71261C0CF39B0039A4A2 /* Brightness.c in Sources */ = {isa = PBXBuildFile; fileRef = 926F71211C0CF39B0039A4A2 /* Brightness.c */; };
		926F71271C0CF39B0039A4A2 /* Solar.c in Sources */ = {isa = PBXBuildFile; fileRef = 926F71241C0CF39B0039A4A2 /* Solar.c */; };
		927B86141BD720E60091AF24 /* ForceTouchController.m in Sources */ = {isa = PBXBuildFile; fileRef = 927B86131BD720E60091AF24 /* ForceTouchController.m */; };
		9287A1EA1C2499BB00764AD5 /* WhitePointViewController.m in Sources */ = {isa = PBXBuildFile; fileRef = 9287A1E91C2499BB00764AD5 /* WhitePointViewController.m */; };
		9296029F1BD1B89100CDEC52 /* InitialViewController.m in Sources */ = {isa = PBXBuildFile; fileRef = 9296029E1BD1B89100CDEC52 /* InitialViewController.m */; };
		929602A21BD1BC3000CDEC52 /* SettingsViewController.m in Sources */ = {isa = PBXBuildFile; fileRef = 929602A11BD1BC3000CDEC52 /* SettingsViewController.m */; };
		92F23ABF1BD72ADD00A097CB /* LaunchScreen.storyboard in Resources */ = {isa = PBXBuildFile; fileRef = 92F23AC11BD72ADD00A097CB /* LaunchScreen.storyboard */; };
		92F23AC21BD72AE700A097CB /* Storyboard.storyboard in Resources */ = {isa = PBXBuildFile; fileRef = 92F23AC41BD72AE700A097CB /* Storyboard.storyboard */; };
		ACCE45A21C1B6D3100CD094C /* SpringBoardServicesClient.m in Sources */ = {isa = PBXBuildFile; fileRef = ACCE45A11C1B6D3100CD094C /* SpringBoardServicesClient.m */; };
		B96BB64F1B38D96600F1C3AE /* GammaController.m in Sources */ = {isa = PBXBuildFile; fileRef = B96BB64E1B38D96600F1C3AE /* GammaController.m */; };
		B9E5364B1B38D90D0097BF90 /* main.m in Sources */ = {isa = PBXBuildFile; fileRef = B9E5364A1B38D90D0097BF90 /* main.m */; };
		B9E5364E1B38D90D0097BF90 /* AppDelegate.m in Sources */ = {isa = PBXBuildFile; fileRef = B9E5364D1B38D90D0097BF90 /* AppDelegate.m */; };
		B9E536511B38D90D0097BF90 /* MainViewController.m in Sources */ = {isa = PBXBuildFile; fileRef = B9E536501B38D90D0097BF90 /* MainViewController.m */; };
		B9E536561B38D90D0097BF90 /* Assets.xcassets in Resources */ = {isa = PBXBuildFile; fileRef = B9E536551B38D90D0097BF90 /* Assets.xcassets */; };
/* End PBXBuildFile section */

/* Begin PBXContainerItemProxy section */
		925B812A1BE2BCE1003A6C4B /* PBXContainerItemProxy */ = {
			isa = PBXContainerItemProxy;
			containerPortal = B9E5363E1B38D90D0097BF90 /* Project object */;
			proxyType = 1;
			remoteGlobalIDString = 925B811D1BE2BCE1003A6C4B;
			remoteInfo = "GoodNight Widget";
		};
/* End PBXContainerItemProxy section */

/* Begin PBXCopyFilesBuildPhase section */
		B9B6D3161BA636DA00A8E999 /* Embed App Extensions */ = {
			isa = PBXCopyFilesBuildPhase;
			buildActionMask = 2147483647;
			dstPath = "";
			dstSubfolderSpec = 13;
			files = (
				925B812C1BE2BCE1003A6C4B /* GoodNight Widget.appex in Embed App Extensions */,
			);
			name = "Embed App Extensions";
			runOnlyForDeploymentPostprocessing = 0;
		};
/* End PBXCopyFilesBuildPhase section */

/* Begin PBXFileReference section */
		0015F1D21CDCAA94007C6539 /* fr */ = {isa = PBXFileReference; lastKnownFileType = text.plist.strings; name = fr; path = fr.lproj/Storyboard.strings; sourceTree = "<group>"; };
		0015F1D31CDCAA94007C6539 /* fr */ = {isa = PBXFileReference; lastKnownFileType = text.plist.strings; name = fr; path = fr.lproj/LaunchScreen.strings; sourceTree = "<group>"; };
		0015F1D41CDCAA94007C6539 /* fr */ = {isa = PBXFileReference; lastKnownFileType = text.plist.strings; name = fr; path = fr.lproj/MainInterface.strings; sourceTree = "<group>"; };
		0025148D1CDCCFCC00482F87 /* Base */ = {isa = PBXFileReference; lastKnownFileType = text.plist.strings; name = Base; path = Base.lproj/Localizable.strings; sourceTree = "<group>"; };
		0025148F1CDCCFD100482F87 /* ja */ = {isa = PBXFileReference; lastKnownFileType = text.plist.strings; name = ja; path = ja.lproj/Localizable.strings; sourceTree = "<group>"; };
		002514901CDCCFD300482F87 /* nl */ = {isa = PBXFileReference; lastKnownFileType = text.plist.strings; name = nl; path = nl.lproj/Localizable.strings; sourceTree = "<group>"; };
		002514911CDCCFD400482F87 /* de */ = {isa = PBXFileReference; lastKnownFileType = text.plist.strings; name = de; path = de.lproj/Localizable.strings; sourceTree = "<group>"; };
		002514921CDCCFD600482F87 /* fr */ = {isa = PBXFileReference; lastKnownFileType = text.plist.strings; name = fr; path = fr.lproj/Localizable.strings; sourceTree = "<group>"; };
		32AFEC461C1B1B8A00142DD9 /* IOMobileFramebufferClient.h */ = {isa = PBXFileReference; fileEncoding = 4; lastKnownFileType = sourcecode.c.h; path = IOMobileFramebufferClient.h; sourceTree = "<group>"; };
		32AFEC471C1B1B8A00142DD9 /* IOMobileFramebufferClient.m */ = {isa = PBXFileReference; fileEncoding = 4; lastKnownFileType = sourcecode.c.objc; path = IOMobileFramebufferClient.m; sourceTree = "<group>"; };
		397126621C3EE5F30066FE4C /* nl */ = {isa = PBXFileReference; lastKnownFileType = text.plist.strings; name = nl; path = nl.lproj/Storyboard.strings; sourceTree = "<group>"; };
		397126681C3EE5F30066FE4C /* nl */ = {isa = PBXFileReference; lastKnownFileType = text.plist.strings; name = nl; path = nl.lproj/LaunchScreen.strings; sourceTree = "<group>"; };
		3971266E1C3EE5F40066FE4C /* nl */ = {isa = PBXFileReference; lastKnownFileType = text.plist.strings; name = nl; path = nl.lproj/MainInterface.strings; sourceTree = "<group>"; };
		511EBE611BEBB1E200D5DAF7 /* ja */ = {isa = PBXFileReference; lastKnownFileType = text.plist.strings; name = ja; path = ja.lproj/LaunchScreen.strings; sourceTree = "<group>"; };
		511EBE621BEBB1E200D5DAF7 /* ja */ = {isa = PBXFileReference; lastKnownFileType = text.plist.strings; name = ja; path = ja.lproj/Storyboard.strings; sourceTree = "<group>"; };
		511EBE631BEBB1E200D5DAF7 /* ja */ = {isa = PBXFileReference; lastKnownFileType = text.plist.strings; name = ja; path = ja.lproj/MainInterface.strings; sourceTree = "<group>"; };
		75472CDA1C45313E00D9B85D /* de */ = {isa = PBXFileReference; lastKnownFileType = text.plist.strings; name = de; path = de.lproj/Storyboard.strings; sourceTree = "<group>"; };
		75472CDB1C45313E00D9B85D /* de */ = {isa = PBXFileReference; lastKnownFileType = text.plist.strings; name = de; path = de.lproj/LaunchScreen.strings; sourceTree = "<group>"; };
		75472CDC1C45313F00D9B85D /* de */ = {isa = PBXFileReference; lastKnownFileType = text.plist.strings; name = de; path = de.lproj/MainInterface.strings; sourceTree = "<group>"; };
		755924001C21546A000E62AE /* MobileGestaltClient.h */ = {isa = PBXFileReference; fileEncoding = 4; lastKnownFileType = sourcecode.c.h; path = MobileGestaltClient.h; sourceTree = "<group>"; };
		755924011C21546A000E62AE /* MobileGestaltClient.m */ = {isa = PBXFileReference; fileEncoding = 4; lastKnownFileType = sourcecode.c.objc; path = MobileGestaltClient.m; sourceTree = "<group>"; };
		75885DCA1C2026B700B57791 /* Defaults.plist */ = {isa = PBXFileReference; fileEncoding = 4; lastKnownFileType = text.plist.xml; name = Defaults.plist; path = GoodNight/Defaults.plist; sourceTree = "<group>"; };
		921810321BC1B1C300D32E92 /* CreditsViewController.h */ = {isa = PBXFileReference; fileEncoding = 4; lastKnownFileType = sourcecode.c.h; path = CreditsViewController.h; sourceTree = "<group>"; };
		921810331BC1B1C300D32E92 /* CreditsViewController.m */ = {isa = PBXFileReference; fileEncoding = 4; lastKnownFileType = sourcecode.c.objc; path = CreditsViewController.m; sourceTree = "<group>"; };
		921810351BC1B3C000D32E92 /* BrightnessViewController.h */ = {isa = PBXFileReference; fileEncoding = 4; lastKnownFileType = sourcecode.c.h; path = BrightnessViewController.h; sourceTree = "<group>"; };
		921810361BC1B3C000D32E92 /* BrightnessViewController.m */ = {isa = PBXFileReference; fileEncoding = 4; lastKnownFileType = sourcecode.c.objc; path = BrightnessViewController.m; sourceTree = "<group>"; };
		922B281D1DDE81CF0075C274 /* GoodNight-Mac.app */ = {isa = PBXFileReference; explicitFileType = wrapper.application; includeInIndex = 0; path = "GoodNight-Mac.app"; sourceTree = BUILT_PRODUCTS_DIR; };
		922B281F1DDE81CF0075C274 /* AppDelegate.h */ = {isa = PBXFileReference; lastKnownFileType = sourcecode.c.h; path = AppDelegate.h; sourceTree = "<group>"; };
		922B28201DDE81CF0075C274 /* AppDelegate.m */ = {isa = PBXFileReference; lastKnownFileType = sourcecode.c.objc; path = AppDelegate.m; sourceTree = "<group>"; };
		922B28231DDE81CF0075C274 /* main.m */ = {isa = PBXFileReference; lastKnownFileType = sourcecode.c.objc; path = main.m; sourceTree = "<group>"; };
		922B28281DDE81D00075C274 /* Assets.xcassets */ = {isa = PBXFileReference; lastKnownFileType = folder.assetcatalog; path = Assets.xcassets; sourceTree = "<group>"; };
		922B282D1DDE81D00075C274 /* Info.plist */ = {isa = PBXFileReference; lastKnownFileType = text.plist.xml; path = Info.plist; sourceTree = "<group>"; };
		922B28311DDE81F40075C274 /* Main.storyboard */ = {isa = PBXFileReference; fileEncoding = 4; lastKnownFileType = file.storyboard; path = Main.storyboard; sourceTree = "<group>"; };
		922B28331DDE81FB0075C274 /* ViewController.h */ = {isa = PBXFileReference; fileEncoding = 4; lastKnownFileType = sourcecode.c.h; path = ViewController.h; sourceTree = "<group>"; };
		922B28341DDE81FB0075C274 /* ViewController.m */ = {isa = PBXFileReference; fileEncoding = 4; lastKnownFileType = sourcecode.c.objc; path = ViewController.m; sourceTree = "<group>"; };
		924EFA991BC16F1F00BF8CA6 /* CustomViewController.h */ = {isa = PBXFileReference; fileEncoding = 4; lastKnownFileType = sourcecode.c.h; path = CustomViewController.h; sourceTree = "<group>"; };
		924EFA9A1BC16F1F00BF8CA6 /* CustomViewController.m */ = {isa = PBXFileReference; fileEncoding = 4; lastKnownFileType = sourcecode.c.objc; path = CustomViewController.m; sourceTree = "<group>"; };
		925B811E1BE2BCE1003A6C4B /* GoodNight Widget.appex */ = {isa = PBXFileReference; explicitFileType = "wrapper.app-extension"; includeInIndex = 0; path = "GoodNight Widget.appex"; sourceTree = BUILT_PRODUCTS_DIR; };
		925B81201BE2BCE1003A6C4B /* NotificationCenter.framework */ = {isa = PBXFileReference; lastKnownFileType = wrapper.framework; name = NotificationCenter.framework; path = System/Library/Frameworks/NotificationCenter.framework; sourceTree = SDKROOT; };
		925B81231BE2BCE1003A6C4B /* TodayViewController.h */ = {isa = PBXFileReference; lastKnownFileType = sourcecode.c.h; path = TodayViewController.h; sourceTree = "<group>"; };
		925B81241BE2BCE1003A6C4B /* TodayViewController.m */ = {isa = PBXFileReference; lastKnownFileType = sourcecode.c.objc; path = TodayViewController.m; sourceTree = "<group>"; };
		925B81271BE2BCE1003A6C4B /* Base */ = {isa = PBXFileReference; lastKnownFileType = file.storyboard; name = Base; path = Base.lproj/MainInterface.storyboard; sourceTree = "<group>"; };
		925B81291BE2BCE1003A6C4B /* Info.plist */ = {isa = PBXFileReference; lastKnownFileType = text.plist.xml; path = Info.plist; sourceTree = "<group>"; };
		925B81301BE2BD0A003A6C4B /* GoodNight Widget.entitlements */ = {isa = PBXFileReference; lastKnownFileType = text.xml; path = "GoodNight Widget.entitlements"; sourceTree = "<group>"; };
		926F711D1C0CF3930039A4A2 /* NSDate+Extensions.h */ = {isa = PBXFileReference; fileEncoding = 4; lastKnownFileType = sourcecode.c.h; name = "NSDate+Extensions.h"; path = "Extras/NSDate+Extensions/NSDate+Extensions.h"; sourceTree = SOURCE_ROOT; };
		926F711E1C0CF3930039A4A2 /* NSDate+Extensions.m */ = {isa = PBXFileReference; fileEncoding = 4; lastKnownFileType = sourcecode.c.objc; name = "NSDate+Extensions.m"; path = "Extras/NSDate+Extensions/NSDate+Extensions.m"; sourceTree = SOURCE_ROOT; };
		926F71211C0CF39B0039A4A2 /* Brightness.c */ = {isa = PBXFileReference; fileEncoding = 4; lastKnownFileType = sourcecode.c.c; path = Brightness.c; sourceTree = "<group>"; };
		926F71221C0CF39B0039A4A2 /* Brightness.h */ = {isa = PBXFileReference; fileEncoding = 4; lastKnownFileType = sourcecode.c.h; path = Brightness.h; sourceTree = "<group>"; };
		926F71241C0CF39B0039A4A2 /* Solar.c */ = {isa = PBXFileReference; fileEncoding = 4; lastKnownFileType = sourcecode.c.c; path = Solar.c; sourceTree = "<group>"; };
		926F71251C0CF39B0039A4A2 /* Solar.h */ = {isa = PBXFileReference; fileEncoding = 4; lastKnownFileType = sourcecode.c.h; path = Solar.h; sourceTree = "<group>"; };
		927B86121BD720E60091AF24 /* ForceTouchController.h */ = {isa = PBXFileReference; fileEncoding = 4; lastKnownFileType = sourcecode.c.h; path = ForceTouchController.h; sourceTree = "<group>"; };
		927B86131BD720E60091AF24 /* ForceTouchController.m */ = {isa = PBXFileReference; fileEncoding = 4; lastKnownFileType = sourcecode.c.objc; path = ForceTouchController.m; sourceTree = "<group>"; };
		9287A1E81C2499BB00764AD5 /* WhitePointViewController.h */ = {isa = PBXFileReference; fileEncoding = 4; lastKnownFileType = sourcecode.c.h; path = WhitePointViewController.h; sourceTree = "<group>"; };
		9287A1E91C2499BB00764AD5 /* WhitePointViewController.m */ = {isa = PBXFileReference; fileEncoding = 4; lastKnownFileType = sourcecode.c.objc; path = WhitePointViewController.m; sourceTree = "<group>"; };
		9296029D1BD1B89100CDEC52 /* InitialViewController.h */ = {isa = PBXFileReference; fileEncoding = 4; lastKnownFileType = sourcecode.c.h; path = InitialViewController.h; sourceTree = "<group>"; };
		9296029E1BD1B89100CDEC52 /* InitialViewController.m */ = {isa = PBXFileReference; fileEncoding = 4; lastKnownFileType = sourcecode.c.objc; path = InitialViewController.m; sourceTree = "<group>"; };
		929602A01BD1BC3000CDEC52 /* SettingsViewController.h */ = {isa = PBXFileReference; fileEncoding = 4; lastKnownFileType = sourcecode.c.h; path = SettingsViewController.h; sourceTree = "<group>"; };
		929602A11BD1BC3000CDEC52 /* SettingsViewController.m */ = {isa = PBXFileReference; fileEncoding = 4; lastKnownFileType = sourcecode.c.objc; path = SettingsViewController.m; sourceTree = "<group>"; };
		92BBC7911BB77C8300AA4914 /* GoodNight.entitlements */ = {isa = PBXFileReference; lastKnownFileType = text.xml; path = GoodNight.entitlements; sourceTree = "<group>"; };
		92F23AC01BD72ADD00A097CB /* Base */ = {isa = PBXFileReference; lastKnownFileType = file.storyboard; name = Base; path = Base.lproj/LaunchScreen.storyboard; sourceTree = "<group>"; };
		92F23AC31BD72AE700A097CB /* Base */ = {isa = PBXFileReference; lastKnownFileType = file.storyboard; name = Base; path = Base.lproj/Storyboard.storyboard; sourceTree = "<group>"; };
		92F4101C1BD0730A003AABB8 /* PrefixHeader.pch */ = {isa = PBXFileReference; lastKnownFileType = sourcecode.c.h; name = PrefixHeader.pch; path = GoodNight/PrefixHeader.pch; sourceTree = "<group>"; };
		ACCE45A01C1B6D3100CD094C /* SpringBoardServicesClient.h */ = {isa = PBXFileReference; fileEncoding = 4; lastKnownFileType = sourcecode.c.h; path = SpringBoardServicesClient.h; sourceTree = "<group>"; };
		ACCE45A11C1B6D3100CD094C /* SpringBoardServicesClient.m */ = {isa = PBXFileReference; fileEncoding = 4; lastKnownFileType = sourcecode.c.objc; path = SpringBoardServicesClient.m; sourceTree = "<group>"; };
		B96BB64D1B38D96600F1C3AE /* GammaController.h */ = {isa = PBXFileReference; fileEncoding = 4; lastKnownFileType = sourcecode.c.h; path = GammaController.h; sourceTree = "<group>"; };
		B96BB64E1B38D96600F1C3AE /* GammaController.m */ = {isa = PBXFileReference; fileEncoding = 4; lastKnownFileType = sourcecode.c.objc; path = GammaController.m; sourceTree = "<group>"; };
		B9E536461B38D90D0097BF90 /* GoodNight.app */ = {isa = PBXFileReference; explicitFileType = wrapper.application; includeInIndex = 0; path = GoodNight.app; sourceTree = BUILT_PRODUCTS_DIR; };
		B9E5364A1B38D90D0097BF90 /* main.m */ = {isa = PBXFileReference; lastKnownFileType = sourcecode.c.objc; path = main.m; sourceTree = "<group>"; };
		B9E5364C1B38D90D0097BF90 /* AppDelegate.h */ = {isa = PBXFileReference; lastKnownFileType = sourcecode.c.h; path = AppDelegate.h; sourceTree = "<group>"; };
		B9E5364D1B38D90D0097BF90 /* AppDelegate.m */ = {isa = PBXFileReference; lastKnownFileType = sourcecode.c.objc; path = AppDelegate.m; sourceTree = "<group>"; };
		B9E5364F1B38D90D0097BF90 /* MainViewController.h */ = {isa = PBXFileReference; lastKnownFileType = sourcecode.c.h; path = MainViewController.h; sourceTree = "<group>"; };
		B9E536501B38D90D0097BF90 /* MainViewController.m */ = {isa = PBXFileReference; lastKnownFileType = sourcecode.c.objc; path = MainViewController.m; sourceTree = "<group>"; };
		B9E536551B38D90D0097BF90 /* Assets.xcassets */ = {isa = PBXFileReference; lastKnownFileType = folder.assetcatalog; path = Assets.xcassets; sourceTree = "<group>"; };
		B9E5365A1B38D90D0097BF90 /* Info.plist */ = {isa = PBXFileReference; lastKnownFileType = text.plist.xml; path = Info.plist; sourceTree = "<group>"; };
/* End PBXFileReference section */

/* Begin PBXFrameworksBuildPhase section */
		922B281A1DDE81CF0075C274 /* Frameworks */ = {
			isa = PBXFrameworksBuildPhase;
			buildActionMask = 2147483647;
			files = (
			);
			runOnlyForDeploymentPostprocessing = 0;
		};
		925B811B1BE2BCE1003A6C4B /* Frameworks */ = {
			isa = PBXFrameworksBuildPhase;
			buildActionMask = 2147483647;
			files = (
				925B81211BE2BCE1003A6C4B /* NotificationCenter.framework in Frameworks */,
			);
			runOnlyForDeploymentPostprocessing = 0;
		};
		B9E536431B38D90D0097BF90 /* Frameworks */ = {
			isa = PBXFrameworksBuildPhase;
			buildActionMask = 2147483647;
			files = (
			);
			runOnlyForDeploymentPostprocessing = 0;
		};
/* End PBXFrameworksBuildPhase section */

/* Begin PBXGroup section */
		755924031C21681D000E62AE /* Clients */ = {
			isa = PBXGroup;
			children = (
				755924041C2168D5000E62AE /* IOMobileFramebuffer */,
				755924051C2168E7000E62AE /* SpringBoardServices */,
				755924061C216906000E62AE /* MobileGestalt */,
			);
			name = Clients;
			sourceTree = "<group>";
		};
		755924041C2168D5000E62AE /* IOMobileFramebuffer */ = {
			isa = PBXGroup;
			children = (
				32AFEC461C1B1B8A00142DD9 /* IOMobileFramebufferClient.h */,
				32AFEC471C1B1B8A00142DD9 /* IOMobileFramebufferClient.m */,
			);
			name = IOMobileFramebuffer;
			sourceTree = "<group>";
		};
		755924051C2168E7000E62AE /* SpringBoardServices */ = {
			isa = PBXGroup;
			children = (
				ACCE45A01C1B6D3100CD094C /* SpringBoardServicesClient.h */,
				ACCE45A11C1B6D3100CD094C /* SpringBoardServicesClient.m */,
			);
			name = SpringBoardServices;
			sourceTree = "<group>";
		};
		755924061C216906000E62AE /* MobileGestalt */ = {
			isa = PBXGroup;
			children = (
				755924001C21546A000E62AE /* MobileGestaltClient.h */,
				755924011C21546A000E62AE /* MobileGestaltClient.m */,
			);
			name = MobileGestalt;
			sourceTree = "<group>";
		};
		75885DCC1C2027A500B57791 /* Shared */ = {
			isa = PBXGroup;
			children = (
				926B68F91BC1B91D00F12297 /* Core */,
				75885DCD1C2027B900B57791 /* Supporting Files */,
			);
			name = Shared;
			sourceTree = "<group>";
		};
		75885DCD1C2027B900B57791 /* Supporting Files */ = {
			isa = PBXGroup;
			children = (
				926F71201C0CF39B0039A4A2 /* Brightness */,
				926F71231C0CF39B0039A4A2 /* Solar */,
				921924341BCDC11800254487 /* NSDate+Extensions */,
				92F4101C1BD0730A003AABB8 /* PrefixHeader.pch */,
				75885DCA1C2026B700B57791 /* Defaults.plist */,
			);
			name = "Supporting Files";
			sourceTree = "<group>";
		};
		75885DD61C20283400B57791 /* Supporting Files */ = {
			isa = PBXGroup;
			children = (
				925B81301BE2BD0A003A6C4B /* GoodNight Widget.entitlements */,
				925B81291BE2BCE1003A6C4B /* Info.plist */,
			);
			name = "Supporting Files";
			sourceTree = "<group>";
		};
		75885DD71C20284300B57791 /* Storyboards */ = {
			isa = PBXGroup;
			children = (
				925B81261BE2BCE1003A6C4B /* MainInterface.storyboard */,
			);
			name = Storyboards;
			sourceTree = "<group>";
		};
		921924341BCDC11800254487 /* NSDate+Extensions */ = {
			isa = PBXGroup;
			children = (
				926F711D1C0CF3930039A4A2 /* NSDate+Extensions.h */,
				926F711E1C0CF3930039A4A2 /* NSDate+Extensions.m */,
			);
			name = "NSDate+Extensions";
			path = GoodNight;
			sourceTree = "<group>";
		};
		922B281E1DDE81CF0075C274 /* GoodNight-Mac */ = {
			isa = PBXGroup;
			children = (
				922B281F1DDE81CF0075C274 /* AppDelegate.h */,
				922B28201DDE81CF0075C274 /* AppDelegate.m */,
				922B28331DDE81FB0075C274 /* ViewController.h */,
				922B28341DDE81FB0075C274 /* ViewController.m */,
				922B28311DDE81F40075C274 /* Main.storyboard */,
				922B28221DDE81CF0075C274 /* Supporting Files */,
			);
			path = "GoodNight-Mac";
			sourceTree = "<group>";
		};
		922B28221DDE81CF0075C274 /* Supporting Files */ = {
			isa = PBXGroup;
			children = (
				922B28281DDE81D00075C274 /* Assets.xcassets */,
				922B282D1DDE81D00075C274 /* Info.plist */,
				922B28231DDE81CF0075C274 /* main.m */,
			);
			name = "Supporting Files";
			sourceTree = "<group>";
		};
		925B811F1BE2BCE1003A6C4B /* Frameworks */ = {
			isa = PBXGroup;
			children = (
				925B81201BE2BCE1003A6C4B /* NotificationCenter.framework */,
			);
			name = Frameworks;
			sourceTree = "<group>";
		};
		925B81221BE2BCE1003A6C4B /* GoodNight Widget */ = {
			isa = PBXGroup;
			children = (
				925B81231BE2BCE1003A6C4B /* TodayViewController.h */,
				925B81241BE2BCE1003A6C4B /* TodayViewController.m */,
				75885DD71C20284300B57791 /* Storyboards */,
				75885DD61C20283400B57791 /* Supporting Files */,
			);
			path = "GoodNight Widget";
			sourceTree = "<group>";
		};
		926B68F61BC1B8E800F12297 /* Temperature */ = {
			isa = PBXGroup;
			children = (
				B9E5364F1B38D90D0097BF90 /* MainViewController.h */,
				B9E536501B38D90D0097BF90 /* MainViewController.m */,
			);
			name = Temperature;
			sourceTree = "<group>";
		};
		926B68F71BC1B8F200F12297 /* Brightness */ = {
			isa = PBXGroup;
			children = (
				921810351BC1B3C000D32E92 /* BrightnessViewController.h */,
				921810361BC1B3C000D32E92 /* BrightnessViewController.m */,
			);
			name = Brightness;
			sourceTree = "<group>";
		};
		926B68F81BC1B8FA00F12297 /* Color */ = {
			isa = PBXGroup;
			children = (
				924EFA991BC16F1F00BF8CA6 /* CustomViewController.h */,
				924EFA9A1BC16F1F00BF8CA6 /* CustomViewController.m */,
			);
			name = Color;
			sourceTree = "<group>";
		};
		926B68F91BC1B91D00F12297 /* Core */ = {
			isa = PBXGroup;
			children = (
				755924031C21681D000E62AE /* Clients */,
				B96BB64D1B38D96600F1C3AE /* GammaController.h */,
				B96BB64E1B38D96600F1C3AE /* GammaController.m */,
			);
			name = Core;
			path = GoodNight;
			sourceTree = "<group>";
		};
		926F71201C0CF39B0039A4A2 /* Brightness */ = {
			isa = PBXGroup;
			children = (
				926F71221C0CF39B0039A4A2 /* Brightness.h */,
				926F71211C0CF39B0039A4A2 /* Brightness.c */,
			);
			name = Brightness;
			path = Extras/Brightness;
			sourceTree = SOURCE_ROOT;
		};
		926F71231C0CF39B0039A4A2 /* Solar */ = {
			isa = PBXGroup;
			children = (
				926F71251C0CF39B0039A4A2 /* Solar.h */,
				926F71241C0CF39B0039A4A2 /* Solar.c */,
			);
			name = Solar;
			path = Extras/Solar;
			sourceTree = SOURCE_ROOT;
		};
		927B86151BD7239E0091AF24 /* 3D Touch */ = {
			isa = PBXGroup;
			children = (
				927B86121BD720E60091AF24 /* ForceTouchController.h */,
				927B86131BD720E60091AF24 /* ForceTouchController.m */,
			);
			name = "3D Touch";
			sourceTree = "<group>";
		};
		9287A1E71C2499A900764AD5 /* White Point */ = {
			isa = PBXGroup;
			children = (
				9287A1E81C2499BB00764AD5 /* WhitePointViewController.h */,
				9287A1E91C2499BB00764AD5 /* WhitePointViewController.m */,
			);
			name = "White Point";
			sourceTree = "<group>";
		};
		929602A31BD1C22D00CDEC52 /* Settings */ = {
			isa = PBXGroup;
			children = (
				929602A01BD1BC3000CDEC52 /* SettingsViewController.h */,
				929602A11BD1BC3000CDEC52 /* SettingsViewController.m */,
			);
			name = Settings;
			sourceTree = "<group>";
		};
		929602A41BD1C24B00CDEC52 /* Credits */ = {
			isa = PBXGroup;
			children = (
				921810321BC1B1C300D32E92 /* CreditsViewController.h */,
				921810331BC1B1C300D32E92 /* CreditsViewController.m */,
			);
			name = Credits;
			sourceTree = "<group>";
		};
		929602A51BD1C25A00CDEC52 /* Initial View */ = {
			isa = PBXGroup;
			children = (
				9296029D1BD1B89100CDEC52 /* InitialViewController.h */,
				9296029E1BD1B89100CDEC52 /* InitialViewController.m */,
			);
			name = "Initial View";
			sourceTree = "<group>";
		};
		929602A61BD1C26F00CDEC52 /* User Interface */ = {
			isa = PBXGroup;
			children = (
				929602A51BD1C25A00CDEC52 /* Initial View */,
				926B68F61BC1B8E800F12297 /* Temperature */,
				9287A1E71C2499A900764AD5 /* White Point */,
				926B68F71BC1B8F200F12297 /* Brightness */,
				926B68F81BC1B8FA00F12297 /* Color */,
				929602A31BD1C22D00CDEC52 /* Settings */,
				929602A41BD1C24B00CDEC52 /* Credits */,
			);
			name = "User Interface";
			sourceTree = "<group>";
		};
		929602A71BD1C2DE00CDEC52 /* Storyboards */ = {
			isa = PBXGroup;
			children = (
				92F23AC41BD72AE700A097CB /* Storyboard.storyboard */,
				92F23AC11BD72ADD00A097CB /* LaunchScreen.storyboard */,
			);
			name = Storyboards;
			sourceTree = "<group>";
		};
		B9E5363D1B38D90D0097BF90 = {
			isa = PBXGroup;
			children = (
				75885DCC1C2027A500B57791 /* Shared */,
				B9E536481B38D90D0097BF90 /* GoodNight */,
				925B81221BE2BCE1003A6C4B /* GoodNight Widget */,
				922B281E1DDE81CF0075C274 /* GoodNight-Mac */,
				925B811F1BE2BCE1003A6C4B /* Frameworks */,
				B9E536471B38D90D0097BF90 /* Products */,
			);
			sourceTree = "<group>";
		};
		B9E536471B38D90D0097BF90 /* Products */ = {
			isa = PBXGroup;
			children = (
				B9E536461B38D90D0097BF90 /* GoodNight.app */,
				925B811E1BE2BCE1003A6C4B /* GoodNight Widget.appex */,
				922B281D1DDE81CF0075C274 /* GoodNight-Mac.app */,
			);
			name = Products;
			sourceTree = "<group>";
		};
		B9E536481B38D90D0097BF90 /* GoodNight */ = {
			isa = PBXGroup;
			children = (
				B9E5364C1B38D90D0097BF90 /* AppDelegate.h */,
				B9E5364D1B38D90D0097BF90 /* AppDelegate.m */,
				927B86151BD7239E0091AF24 /* 3D Touch */,
				929602A61BD1C26F00CDEC52 /* User Interface */,
				929602A71BD1C2DE00CDEC52 /* Storyboards */,
				B9E536491B38D90D0097BF90 /* Supporting Files */,
			);
			path = GoodNight;
			sourceTree = "<group>";
		};
		B9E536491B38D90D0097BF90 /* Supporting Files */ = {
			isa = PBXGroup;
			children = (
				0025148C1CDCCFCC00482F87 /* Localizable.strings */,
				92BBC7911BB77C8300AA4914 /* GoodNight.entitlements */,
				B9E536551B38D90D0097BF90 /* Assets.xcassets */,
				B9E5365A1B38D90D0097BF90 /* Info.plist */,
				B9E5364A1B38D90D0097BF90 /* main.m */,
			);
			name = "Supporting Files";
			sourceTree = "<group>";
		};
/* End PBXGroup section */

/* Begin PBXNativeTarget section */
		922B281C1DDE81CF0075C274 /* GoodNight-Mac */ = {
			isa = PBXNativeTarget;
			buildConfigurationList = 922B282E1DDE81D00075C274 /* Build configuration list for PBXNativeTarget "GoodNight-Mac" */;
			buildPhases = (
				922B28191DDE81CF0075C274 /* Sources */,
				922B281A1DDE81CF0075C274 /* Frameworks */,
				922B281B1DDE81CF0075C274 /* Resources */,
			);
			buildRules = (
			);
			dependencies = (
			);
			name = "GoodNight-Mac";
			productName = "GoodNight-Mac";
			productReference = 922B281D1DDE81CF0075C274 /* GoodNight-Mac.app */;
			productType = "com.apple.product-type.application";
		};
		925B811D1BE2BCE1003A6C4B /* GoodNight Widget */ = {
			isa = PBXNativeTarget;
			buildConfigurationList = 925B812F1BE2BCE1003A6C4B /* Build configuration list for PBXNativeTarget "GoodNight Widget" */;
			buildPhases = (
				925B811A1BE2BCE1003A6C4B /* Sources */,
				925B811B1BE2BCE1003A6C4B /* Frameworks */,
				925B811C1BE2BCE1003A6C4B /* Resources */,
			);
			buildRules = (
			);
			dependencies = (
			);
			name = "GoodNight Widget";
			productName = "GoodNight Widget";
			productReference = 925B811E1BE2BCE1003A6C4B /* GoodNight Widget.appex */;
			productType = "com.apple.product-type.app-extension";
		};
		B9E536451B38D90D0097BF90 /* GoodNight */ = {
			isa = PBXNativeTarget;
			buildConfigurationList = B9E5365D1B38D90D0097BF90 /* Build configuration list for PBXNativeTarget "GoodNight" */;
			buildPhases = (
				B9E536421B38D90D0097BF90 /* Sources */,
				B9E536431B38D90D0097BF90 /* Frameworks */,
				B9E536441B38D90D0097BF90 /* Resources */,
				B9B6D3161BA636DA00A8E999 /* Embed App Extensions */,
			);
			buildRules = (
			);
			dependencies = (
				925B812B1BE2BCE1003A6C4B /* PBXTargetDependency */,
			);
			name = GoodNight;
			productName = GammaTest;
			productReference = B9E536461B38D90D0097BF90 /* GoodNight.app */;
			productType = "com.apple.product-type.application";
		};
/* End PBXNativeTarget section */

/* Begin PBXProject section */
		B9E5363E1B38D90D0097BF90 /* Project object */ = {
			isa = PBXProject;
			attributes = {
				LastUpgradeCheck = 0810;
				ORGANIZATIONNAME = "ADA Tech, LLC";
				TargetAttributes = {
					922B281C1DDE81CF0075C274 = {
						CreatedOnToolsVersion = 8.1;
						ProvisioningStyle = Automatic;
					};
					925B811D1BE2BCE1003A6C4B = {
						CreatedOnToolsVersion = 7.2;
						DevelopmentTeam = BYK5B23A5C;
						SystemCapabilities = {
							com.apple.ApplicationGroups.iOS = {
								enabled = 1;
							};
							com.apple.Keychain = {
								enabled = 0;
							};
						};
					};
					B9E536451B38D90D0097BF90 = {
						CreatedOnToolsVersion = 7.0;
						ProvisioningStyle = Manual;
						SystemCapabilities = {
							com.apple.ApplicationGroups.iOS = {
								enabled = 1;
							};
							com.apple.BackgroundModes = {
								enabled = 1;
							};
							com.apple.Keychain = {
								enabled = 0;
							};
						};
					};
				};
			};
			buildConfigurationList = B9E536411B38D90D0097BF90 /* Build configuration list for PBXProject "GoodNight" */;
			compatibilityVersion = "Xcode 3.2";
			developmentRegion = English;
			hasScannedForEncodings = 0;
			knownRegions = (
				en,
				Base,
			);
			mainGroup = B9E5363D1B38D90D0097BF90;
			productRefGroup = B9E536471B38D90D0097BF90 /* Products */;
			projectDirPath = "";
			projectRoot = "";
			targets = (
				B9E536451B38D90D0097BF90 /* GoodNight */,
				925B811D1BE2BCE1003A6C4B /* GoodNight Widget */,
				922B281C1DDE81CF0075C274 /* GoodNight-Mac */,
			);
		};
/* End PBXProject section */

/* Begin PBXResourcesBuildPhase section */
		922B281B1DDE81CF0075C274 /* Resources */ = {
			isa = PBXResourcesBuildPhase;
			buildActionMask = 2147483647;
			files = (
				922B28291DDE81D00075C274 /* Assets.xcassets in Resources */,
				922B28321DDE81F40075C274 /* Main.storyboard in Resources */,
			);
			runOnlyForDeploymentPostprocessing = 0;
		};
		925B811C1BE2BCE1003A6C4B /* Resources */ = {
			isa = PBXResourcesBuildPhase;
			buildActionMask = 2147483647;
			files = (
				75885DD51C20281600B57791 /* Defaults.plist in Resources */,
				925B81281BE2BCE1003A6C4B /* MainInterface.storyboard in Resources */,
			);
			runOnlyForDeploymentPostprocessing = 0;
		};
		B9E536441B38D90D0097BF90 /* Resources */ = {
			isa = PBXResourcesBuildPhase;
			buildActionMask = 2147483647;
			files = (
				0025148E1CDCCFCC00482F87 /* Localizable.strings in Resources */,
				75885DCB1C2026B700B57791 /* Defaults.plist in Resources */,
				92F23ABF1BD72ADD00A097CB /* LaunchScreen.storyboard in Resources */,
				B9E536561B38D90D0097BF90 /* Assets.xcassets in Resources */,
				92F23AC21BD72AE700A097CB /* Storyboard.storyboard in Resources */,
			);
			runOnlyForDeploymentPostprocessing = 0;
		};
/* End PBXResourcesBuildPhase section */

/* Begin PBXSourcesBuildPhase section */
		922B28191DDE81CF0075C274 /* Sources */ = {
			isa = PBXSourcesBuildPhase;
			buildActionMask = 2147483647;
			files = (
				922B28351DDE81FB0075C274 /* ViewController.m in Sources */,
				922B28241DDE81CF0075C274 /* main.m in Sources */,
				922B28211DDE81CF0075C274 /* AppDelegate.m in Sources */,
			);
			runOnlyForDeploymentPostprocessing = 0;
		};
		925B811A1BE2BCE1003A6C4B /* Sources */ = {
			isa = PBXSourcesBuildPhase;
			buildActionMask = 2147483647;
			files = (
				755924081C21B147000E62AE /* MobileGestaltClient.m in Sources */,
				75885DD41C20280C00B57791 /* NSDate+Extensions.m in Sources */,
				75885DCF1C2027F400B57791 /* SpringBoardServicesClient.m in Sources */,
				75885DD01C2027F400B57791 /* IOMobileFramebufferClient.m in Sources */,
				75885DD11C2027F400B57791 /* GammaController.m in Sources */,
				75885DD21C2027F400B57791 /* Brightness.c in Sources */,
				75885DD31C2027F400B57791 /* Solar.c in Sources */,
				925B81251BE2BCE1003A6C4B /* TodayViewController.m in Sources */,
			);
			runOnlyForDeploymentPostprocessing = 0;
		};
		B9E536421B38D90D0097BF90 /* Sources */ = {
			isa = PBXSourcesBuildPhase;
			buildActionMask = 2147483647;
			files = (
				32AFEC481C1B1B8A00142DD9 /* IOMobileFramebufferClient.m in Sources */,
				927B86141BD720E60091AF24 /* ForceTouchController.m in Sources */,
				9296029F1BD1B89100CDEC52 /* InitialViewController.m in Sources */,
				B9E536511B38D90D0097BF90 /* MainViewController.m in Sources */,
				ACCE45A21C1B6D3100CD094C /* SpringBoardServicesClient.m in Sources */,
				921810341BC1B1C300D32E92 /* CreditsViewController.m in Sources */,
				921810371BC1B3C000D32E92 /* BrightnessViewController.m in Sources */,
				924EFA9B1BC16F1F00BF8CA6 /* CustomViewController.m in Sources */,
				926F71261C0CF39B0039A4A2 /* Brightness.c in Sources */,
				B9E5364E1B38D90D0097BF90 /* AppDelegate.m in Sources */,
				929602A21BD1BC3000CDEC52 /* SettingsViewController.m in Sources */,
				755924021C21546A000E62AE /* MobileGestaltClient.m in Sources */,
				B9E5364B1B38D90D0097BF90 /* main.m in Sources */,
				9287A1EA1C2499BB00764AD5 /* WhitePointViewController.m in Sources */,
				B96BB64F1B38D96600F1C3AE /* GammaController.m in Sources */,
				926F71271C0CF39B0039A4A2 /* Solar.c in Sources */,
				926F711F1C0CF3930039A4A2 /* NSDate+Extensions.m in Sources */,
			);
			runOnlyForDeploymentPostprocessing = 0;
		};
/* End PBXSourcesBuildPhase section */

/* Begin PBXTargetDependency section */
		925B812B1BE2BCE1003A6C4B /* PBXTargetDependency */ = {
			isa = PBXTargetDependency;
			target = 925B811D1BE2BCE1003A6C4B /* GoodNight Widget */;
			targetProxy = 925B812A1BE2BCE1003A6C4B /* PBXContainerItemProxy */;
		};
/* End PBXTargetDependency section */

/* Begin PBXVariantGroup section */
		0025148C1CDCCFCC00482F87 /* Localizable.strings */ = {
			isa = PBXVariantGroup;
			children = (
				0025148D1CDCCFCC00482F87 /* Base */,
				0025148F1CDCCFD100482F87 /* ja */,
				002514901CDCCFD300482F87 /* nl */,
				002514911CDCCFD400482F87 /* de */,
				002514921CDCCFD600482F87 /* fr */,
			);
			name = Localizable.strings;
			sourceTree = "<group>";
		};
		925B81261BE2BCE1003A6C4B /* MainInterface.storyboard */ = {
			isa = PBXVariantGroup;
			children = (
				925B81271BE2BCE1003A6C4B /* Base */,
				511EBE631BEBB1E200D5DAF7 /* ja */,
				3971266E1C3EE5F40066FE4C /* nl */,
				75472CDC1C45313F00D9B85D /* de */,
				0015F1D41CDCAA94007C6539 /* fr */,
			);
			name = MainInterface.storyboard;
			sourceTree = "<group>";
		};
		92F23AC11BD72ADD00A097CB /* LaunchScreen.storyboard */ = {
			isa = PBXVariantGroup;
			children = (
				92F23AC01BD72ADD00A097CB /* Base */,
				511EBE611BEBB1E200D5DAF7 /* ja */,
				397126681C3EE5F30066FE4C /* nl */,
				75472CDB1C45313E00D9B85D /* de */,
				0015F1D31CDCAA94007C6539 /* fr */,
			);
			name = LaunchScreen.storyboard;
			sourceTree = "<group>";
		};
		92F23AC41BD72AE700A097CB /* Storyboard.storyboard */ = {
			isa = PBXVariantGroup;
			children = (
				92F23AC31BD72AE700A097CB /* Base */,
				511EBE621BEBB1E200D5DAF7 /* ja */,
				397126621C3EE5F30066FE4C /* nl */,
				75472CDA1C45313E00D9B85D /* de */,
				0015F1D21CDCAA94007C6539 /* fr */,
			);
			name = Storyboard.storyboard;
			sourceTree = "<group>";
		};
/* End PBXVariantGroup section */

/* Begin XCBuildConfiguration section */
		922B282F1DDE81D00075C274 /* Debug */ = {
			isa = XCBuildConfiguration;
			buildSettings = {
				ASSETCATALOG_COMPILER_APPICON_NAME = AppIcon;
				CLANG_ANALYZER_NONNULL = YES;
				CLANG_WARN_DOCUMENTATION_COMMENTS = YES;
				CLANG_WARN_INFINITE_RECURSION = YES;
				CLANG_WARN_SUSPICIOUS_MOVES = YES;
				CODE_SIGN_IDENTITY = "-";
				COMBINE_HIDPI_IMAGES = YES;
				INFOPLIST_FILE = "GoodNight-Mac/Info.plist";
				LD_RUNPATH_SEARCH_PATHS = "$(inherited) @executable_path/../Frameworks";
				ONLY_ACTIVE_ARCH = YES;
				PRODUCT_BUNDLE_IDENTIFIER = "com.adatech.GoodNight-Mac";
				PRODUCT_NAME = "$(TARGET_NAME)";
				SDKROOT = macosx;
			};
			name = Debug;
		};
		922B28301DDE81D00075C274 /* Enterprise */ = {
			isa = XCBuildConfiguration;
			buildSettings = {
				ALWAYS_SEARCH_USER_PATHS = NO;
				ASSETCATALOG_COMPILER_APPICON_NAME = AppIcon;
				CLANG_ANALYZER_NONNULL = YES;
				CLANG_CXX_LANGUAGE_STANDARD = "gnu++0x";
				CLANG_CXX_LIBRARY = "libc++";
				CLANG_ENABLE_MODULES = YES;
				CLANG_ENABLE_OBJC_ARC = YES;
				CLANG_WARN_BOOL_CONVERSION = YES;
				CLANG_WARN_CONSTANT_CONVERSION = YES;
				CLANG_WARN_DIRECT_OBJC_ISA_USAGE = YES_ERROR;
				CLANG_WARN_DOCUMENTATION_COMMENTS = YES;
				CLANG_WARN_EMPTY_BODY = YES;
				CLANG_WARN_ENUM_CONVERSION = YES;
				CLANG_WARN_INFINITE_RECURSION = YES;
				CLANG_WARN_INT_CONVERSION = YES;
				CLANG_WARN_OBJC_ROOT_CLASS = YES_ERROR;
				CLANG_WARN_SUSPICIOUS_MOVES = YES;
				CLANG_WARN_UNREACHABLE_CODE = YES;
				CLANG_WARN__DUPLICATE_METHOD_MATCH = YES;
				CODE_SIGN_IDENTITY = "-";
				COMBINE_HIDPI_IMAGES = YES;
				COPY_PHASE_STRIP = NO;
				DEBUG_INFORMATION_FORMAT = "dwarf-with-dsym";
				ENABLE_NS_ASSERTIONS = NO;
				ENABLE_STRICT_OBJC_MSGSEND = YES;
				GCC_C_LANGUAGE_STANDARD = gnu99;
				GCC_NO_COMMON_BLOCKS = YES;
				GCC_WARN_64_TO_32_BIT_CONVERSION = YES;
				GCC_WARN_ABOUT_RETURN_TYPE = YES_ERROR;
				GCC_WARN_UNDECLARED_SELECTOR = YES;
				GCC_WARN_UNINITIALIZED_AUTOS = YES_AGGRESSIVE;
				GCC_WARN_UNUSED_FUNCTION = YES;
				GCC_WARN_UNUSED_VARIABLE = YES;
				INFOPLIST_FILE = "GoodNight-Mac/Info.plist";
				LD_RUNPATH_SEARCH_PATHS = "$(inherited) @executable_path/../Frameworks";
				MTL_ENABLE_DEBUG_INFO = NO;
				PRODUCT_BUNDLE_IDENTIFIER = "com.adatech.GoodNight-Mac";
				PRODUCT_NAME = "$(TARGET_NAME)";
				SDKROOT = macosx;
			};
			name = Enterprise;
		};
		92430E1D1BC03B1500227341 /* Enterprise */ = {
			isa = XCBuildConfiguration;
			buildSettings = {
				ALWAYS_SEARCH_USER_PATHS = NO;
				CLANG_ANALYZER_LOCALIZABILITY_NONLOCALIZED = YES;
				CLANG_CXX_LANGUAGE_STANDARD = "gnu++0x";
				CLANG_CXX_LIBRARY = "libc++";
				CLANG_ENABLE_MODULES = YES;
				CLANG_ENABLE_OBJC_ARC = YES;
				CLANG_WARN_BOOL_CONVERSION = YES;
				CLANG_WARN_CONSTANT_CONVERSION = YES;
				CLANG_WARN_DIRECT_OBJC_ISA_USAGE = YES_ERROR;
				CLANG_WARN_EMPTY_BODY = YES;
				CLANG_WARN_ENUM_CONVERSION = YES;
				CLANG_WARN_INFINITE_RECURSION = YES;
				CLANG_WARN_INT_CONVERSION = YES;
				CLANG_WARN_OBJC_ROOT_CLASS = YES_ERROR;
				CLANG_WARN_SUSPICIOUS_MOVE = YES;
				CLANG_WARN_UNREACHABLE_CODE = YES;
				CLANG_WARN__DUPLICATE_METHOD_MATCH = YES;
				CODE_SIGN_IDENTITY = "iPhone Distribution";
				"CODE_SIGN_IDENTITY[sdk=iphoneos*]" = "iPhone Distribution";
				COPY_PHASE_STRIP = NO;
				DEBUG_INFORMATION_FORMAT = dwarf;
				ENABLE_STRICT_OBJC_MSGSEND = YES;
				ENABLE_TESTABILITY = YES;
				GCC_C_LANGUAGE_STANDARD = gnu99;
				GCC_DYNAMIC_NO_PIC = NO;
				GCC_NO_COMMON_BLOCKS = YES;
				GCC_OPTIMIZATION_LEVEL = 0;
				GCC_PREPROCESSOR_DEFINITIONS = (
					"DEBUG=1",
					"$(inherited)",
				);
				GCC_WARN_64_TO_32_BIT_CONVERSION = YES;
				GCC_WARN_ABOUT_RETURN_TYPE = YES_ERROR;
				GCC_WARN_UNDECLARED_SELECTOR = YES;
				GCC_WARN_UNINITIALIZED_AUTOS = YES_AGGRESSIVE;
				GCC_WARN_UNUSED_FUNCTION = YES;
				GCC_WARN_UNUSED_VARIABLE = YES;
				IPHONEOS_DEPLOYMENT_TARGET = 7.0;
				MTL_ENABLE_DEBUG_INFO = NO;
				SDKROOT = iphoneos;
			};
			name = Enterprise;
		};
		92430E1E1BC03B1500227341 /* Enterprise */ = {
			isa = XCBuildConfiguration;
			buildSettings = {
				ASSETCATALOG_COMPILER_APPICON_NAME = AppIcon;
				ASSETCATALOG_COMPILER_LAUNCHIMAGE_NAME = "Brand Assets";
				CODE_SIGN_ENTITLEMENTS = GoodNight/GoodNight.entitlements;
				DEVELOPMENT_TEAM = "";
				ENABLE_BITCODE = NO;
				FRAMEWORK_SEARCH_PATHS = (
					"$(inherited)",
					"$(PROJECT_DIR)",
				);
				GCC_PREFIX_HEADER = GoodNight/PrefixHeader.pch;
				GCC_THUMB_SUPPORT = NO;
				INFOPLIST_FILE = "$(SRCROOT)/GoodNight/Info.plist";
				LD_RUNPATH_SEARCH_PATHS = "$(inherited) @executable_path/Frameworks";
				PRODUCT_BUNDLE_IDENTIFIER = com.agatiello.adhoc.GoodNight;
				PRODUCT_NAME = GoodNight;
				PROVISIONING_PROFILE = "";
				TARGETED_DEVICE_FAMILY = "1,2";
			};
			name = Enterprise;
		};
		925B812D1BE2BCE1003A6C4B /* Debug */ = {
			isa = XCBuildConfiguration;
			buildSettings = {
				ASSETCATALOG_COMPILER_APPICON_NAME = AppIcon;
				ASSETCATALOG_COMPILER_LAUNCHIMAGE_NAME = LaunchImage;
				CODE_SIGN_ENTITLEMENTS = "GoodNight Widget/GoodNight Widget.entitlements";
				ENABLE_BITCODE = NO;
				GCC_PREFIX_HEADER = GoodNight/PrefixHeader.pch;
				INFOPLIST_FILE = "GoodNight Widget/Info.plist";
				LD_RUNPATH_SEARCH_PATHS = "$(inherited) @executable_path/Frameworks @executable_path/../../Frameworks";
				PRODUCT_BUNDLE_IDENTIFIER = "com.agatiello.adhoc.GoodNight.GoodNight-Widget";
				PRODUCT_NAME = "$(TARGET_NAME)";
				SKIP_INSTALL = YES;
			};
			name = Debug;
		};
		925B812E1BE2BCE1003A6C4B /* Enterprise */ = {
			isa = XCBuildConfiguration;
			buildSettings = {
				ALWAYS_SEARCH_USER_PATHS = NO;
				ASSETCATALOG_COMPILER_APPICON_NAME = AppIcon;
				ASSETCATALOG_COMPILER_LAUNCHIMAGE_NAME = LaunchImage;
				CLANG_CXX_LANGUAGE_STANDARD = "gnu++0x";
				CLANG_CXX_LIBRARY = "libc++";
				CLANG_ENABLE_MODULES = YES;
				CLANG_ENABLE_OBJC_ARC = YES;
				CLANG_WARN_BOOL_CONVERSION = YES;
				CLANG_WARN_CONSTANT_CONVERSION = YES;
				CLANG_WARN_DIRECT_OBJC_ISA_USAGE = YES_ERROR;
				CLANG_WARN_EMPTY_BODY = YES;
				CLANG_WARN_ENUM_CONVERSION = YES;
				CLANG_WARN_INT_CONVERSION = YES;
				CLANG_WARN_OBJC_ROOT_CLASS = YES_ERROR;
				CLANG_WARN_UNREACHABLE_CODE = YES;
				CLANG_WARN__DUPLICATE_METHOD_MATCH = YES;
				CODE_SIGN_ENTITLEMENTS = "GoodNight Widget/GoodNight Widget.entitlements";
				COPY_PHASE_STRIP = NO;
				DEBUG_INFORMATION_FORMAT = "dwarf-with-dsym";
				ENABLE_BITCODE = NO;
				ENABLE_NS_ASSERTIONS = NO;
				ENABLE_STRICT_OBJC_MSGSEND = YES;
				GCC_C_LANGUAGE_STANDARD = gnu99;
				GCC_NO_COMMON_BLOCKS = YES;
				GCC_PREFIX_HEADER = GoodNight/PrefixHeader.pch;
				GCC_WARN_64_TO_32_BIT_CONVERSION = YES;
				GCC_WARN_ABOUT_RETURN_TYPE = YES_ERROR;
				GCC_WARN_UNDECLARED_SELECTOR = YES;
				GCC_WARN_UNINITIALIZED_AUTOS = YES_AGGRESSIVE;
				GCC_WARN_UNUSED_FUNCTION = YES;
				GCC_WARN_UNUSED_VARIABLE = YES;
				INFOPLIST_FILE = "GoodNight Widget/Info.plist";
				LD_RUNPATH_SEARCH_PATHS = "$(inherited) @executable_path/Frameworks @executable_path/../../Frameworks";
				MTL_ENABLE_DEBUG_INFO = NO;
				PRODUCT_BUNDLE_IDENTIFIER = "com.agatiello.adhoc.GoodNight.GoodNight-Widget";
				PRODUCT_NAME = "$(TARGET_NAME)";
				SDKROOT = iphoneos;
				SKIP_INSTALL = YES;
				VALIDATE_PRODUCT = YES;
			};
			name = Enterprise;
		};
		B9E5365B1B38D90D0097BF90 /* Debug */ = {
			isa = XCBuildConfiguration;
			buildSettings = {
				ALWAYS_SEARCH_USER_PATHS = NO;
				CLANG_ANALYZER_LOCALIZABILITY_NONLOCALIZED = YES;
				CLANG_CXX_LANGUAGE_STANDARD = "gnu++0x";
				CLANG_CXX_LIBRARY = "libc++";
				CLANG_ENABLE_MODULES = YES;
				CLANG_ENABLE_OBJC_ARC = YES;
				CLANG_WARN_BOOL_CONVERSION = YES;
				CLANG_WARN_CONSTANT_CONVERSION = YES;
				CLANG_WARN_DIRECT_OBJC_ISA_USAGE = YES_ERROR;
				CLANG_WARN_EMPTY_BODY = YES;
				CLANG_WARN_ENUM_CONVERSION = YES;
				CLANG_WARN_INFINITE_RECURSION = YES;
				CLANG_WARN_INT_CONVERSION = YES;
				CLANG_WARN_OBJC_ROOT_CLASS = YES_ERROR;
				CLANG_WARN_SUSPICIOUS_MOVE = YES;
				CLANG_WARN_UNREACHABLE_CODE = YES;
				CLANG_WARN__DUPLICATE_METHOD_MATCH = YES;
				CODE_SIGN_IDENTITY = "iPhone Developer";
				"CODE_SIGN_IDENTITY[sdk=iphoneos*]" = "iPhone Developer";
				COPY_PHASE_STRIP = NO;
				DEBUG_INFORMATION_FORMAT = dwarf;
				ENABLE_STRICT_OBJC_MSGSEND = YES;
				ENABLE_TESTABILITY = YES;
				GCC_C_LANGUAGE_STANDARD = gnu99;
				GCC_DYNAMIC_NO_PIC = NO;
				GCC_NO_COMMON_BLOCKS = YES;
				GCC_OPTIMIZATION_LEVEL = 0;
				GCC_PREPROCESSOR_DEFINITIONS = (
					"DEBUG=1",
					"$(inherited)",
				);
				GCC_WARN_64_TO_32_BIT_CONVERSION = YES;
				GCC_WARN_ABOUT_RETURN_TYPE = YES_ERROR;
				GCC_WARN_UNDECLARED_SELECTOR = YES;
				GCC_WARN_UNINITIALIZED_AUTOS = YES_AGGRESSIVE;
				GCC_WARN_UNUSED_FUNCTION = YES;
				GCC_WARN_UNUSED_VARIABLE = YES;
				IPHONEOS_DEPLOYMENT_TARGET = 7.0;
				MTL_ENABLE_DEBUG_INFO = YES;
				SDKROOT = iphoneos;
			};
			name = Debug;
		};
		B9E5365E1B38D90D0097BF90 /* Debug */ = {
			isa = XCBuildConfiguration;
			buildSettings = {
				ASSETCATALOG_COMPILER_APPICON_NAME = AppIcon;
				ASSETCATALOG_COMPILER_LAUNCHIMAGE_NAME = "Brand Assets";
				CODE_SIGN_ENTITLEMENTS = GoodNight/GoodNight.entitlements;
				DEVELOPMENT_TEAM = "";
				ENABLE_BITCODE = NO;
				FRAMEWORK_SEARCH_PATHS = (
					"$(inherited)",
					"$(PROJECT_DIR)",
				);
				GCC_PREFIX_HEADER = GoodNight/PrefixHeader.pch;
				GCC_THUMB_SUPPORT = NO;
				INFOPLIST_FILE = "$(SRCROOT)/GoodNight/Info.plist";
				LD_RUNPATH_SEARCH_PATHS = "$(inherited) @executable_path/Frameworks";
				PRODUCT_BUNDLE_IDENTIFIER = com.agatiello.adhoc.GoodNight;
				PRODUCT_NAME = GoodNight;
				PROVISIONING_PROFILE = "";
				TARGETED_DEVICE_FAMILY = "1,2";
			};
			name = Debug;
		};
/* End XCBuildConfiguration section */

/* Begin XCConfigurationList section */
		922B282E1DDE81D00075C274 /* Build configuration list for PBXNativeTarget "GoodNight-Mac" */ = {
			isa = XCConfigurationList;
			buildConfigurations = (
				922B282F1DDE81D00075C274 /* Debug */,
				922B28301DDE81D00075C274 /* Enterprise */,
			);
			defaultConfigurationIsVisible = 0;
		};
		925B812F1BE2BCE1003A6C4B /* Build configuration list for PBXNativeTarget "GoodNight Widget" */ = {
			isa = XCConfigurationList;
			buildConfigurations = (
				925B812D1BE2BCE1003A6C4B /* Debug */,
				925B812E1BE2BCE1003A6C4B /* Enterprise */,
			);
			defaultConfigurationIsVisible = 0;
			defaultConfigurationName = Debug;
		};
		B9E536411B38D90D0097BF90 /* Build configuration list for PBXProject "GoodNight" */ = {
			isa = XCConfigurationList;
			buildConfigurations = (
				B9E5365B1B38D90D0097BF90 /* Debug */,
				92430E1D1BC03B1500227341 /* Enterprise */,
			);
			defaultConfigurationIsVisible = 0;
			defaultConfigurationName = Debug;
		};
		B9E5365D1B38D90D0097BF90 /* Build configuration list for PBXNativeTarget "GoodNight" */ = {
			isa = XCConfigurationList;
			buildConfigurations = (
				B9E5365E1B38D90D0097BF90 /* Debug */,
				92430E1E1BC03B1500227341 /* Enterprise */,
			);
			defaultConfigurationIsVisible = 0;
			defaultConfigurationName = Debug;
		};
/* End XCConfigurationList section */
	};
	rootObject = B9E5363E1B38D90D0097BF90 /* Project object */;
}
